// !$*UTF8*$!
{
	archiveVersion = 1;
	classes = {
	};
	objectVersion = 48;
	objects = {

/* Begin PBXBuildFile section */
		2B0915EC200E77A600127C4E /* AppDelegate.swift in Sources */ = {isa = PBXBuildFile; fileRef = 2B0915EB200E77A600127C4E /* AppDelegate.swift */; };
		2B0915EE200E77A600127C4E /* ViewController.swift in Sources */ = {isa = PBXBuildFile; fileRef = 2B0915ED200E77A600127C4E /* ViewController.swift */; };
		2B0915F1200E77A600127C4E /* Main.storyboard in Resources */ = {isa = PBXBuildFile; fileRef = 2B0915EF200E77A600127C4E /* Main.storyboard */; };
		2B0915F3200E77A600127C4E /* Assets.xcassets in Resources */ = {isa = PBXBuildFile; fileRef = 2B0915F2200E77A600127C4E /* Assets.xcassets */; };
		2B0915F6200E77A600127C4E /* LaunchScreen.storyboard in Resources */ = {isa = PBXBuildFile; fileRef = 2B0915F4200E77A600127C4E /* LaunchScreen.storyboard */; };
		2B091601200E77A600127C4E /* UIViewPropertyAnimatorTestUITests.swift in Sources */ = {isa = PBXBuildFile; fileRef = 2B091600200E77A600127C4E /* UIViewPropertyAnimatorTestUITests.swift */; };
/* End PBXBuildFile section */

/* Begin PBXContainerItemProxy section */
		2B0915FD200E77A600127C4E /* PBXContainerItemProxy */ = {
			isa = PBXContainerItemProxy;
			containerPortal = 2B0915E0200E77A600127C4E /* Project object */;
			proxyType = 1;
			remoteGlobalIDString = 2B0915E7200E77A600127C4E;
			remoteInfo = UIViewPropertyAnimatorTest;
		};
/* End PBXContainerItemProxy section */

/* Begin PBXFileReference section */
		2B0915E8200E77A600127C4E /* UIViewPropertyAnimatorTest.app */ = {isa = PBXFileReference; explicitFileType = wrapper.application; includeInIndex = 0; path = UIViewPropertyAnimatorTest.app; sourceTree = BUILT_PRODUCTS_DIR; };
		2B0915EB200E77A600127C4E /* AppDelegate.swift */ = {isa = PBXFileReference; lastKnownFileType = sourcecode.swift; path = AppDelegate.swift; sourceTree = "<group>"; };
		2B0915ED200E77A600127C4E /* ViewController.swift */ = {isa = PBXFileReference; lastKnownFileType = sourcecode.swift; path = ViewController.swift; sourceTree = "<group>"; };
		2B0915F0200E77A600127C4E /* Base */ = {isa = PBXFileReference; lastKnownFileType = file.storyboard; name = Base; path = Base.lproj/Main.storyboard; sourceTree = "<group>"; };
		2B0915F2200E77A600127C4E /* Assets.xcassets */ = {isa = PBXFileReference; lastKnownFileType = folder.assetcatalog; path = Assets.xcassets; sourceTree = "<group>"; };
		2B0915F5200E77A600127C4E /* Base */ = {isa = PBXFileReference; lastKnownFileType = file.storyboard; name = Base; path = Base.lproj/LaunchScreen.storyboard; sourceTree = "<group>"; };
		2B0915F7200E77A600127C4E /* Info.plist */ = {isa = PBXFileReference; lastKnownFileType = text.plist.xml; path = Info.plist; sourceTree = "<group>"; };
		2B0915FC200E77A600127C4E /* UIViewPropertyAnimatorTestUITests.xctest */ = {isa = PBXFileReference; explicitFileType = wrapper.cfbundle; includeInIndex = 0; path = UIViewPropertyAnimatorTestUITests.xctest; sourceTree = BUILT_PRODUCTS_DIR; };
		2B091600200E77A600127C4E /* UIViewPropertyAnimatorTestUITests.swift */ = {isa = PBXFileReference; lastKnownFileType = sourcecode.swift; path = UIViewPropertyAnimatorTestUITests.swift; sourceTree = "<group>"; };
		2B091602200E77A600127C4E /* Info.plist */ = {isa = PBXFileReference; lastKnownFileType = text.plist.xml; path = Info.plist; sourceTree = "<group>"; };
/* End PBXFileReference section */

/* Begin PBXFrameworksBuildPhase section */
		2B0915E5200E77A600127C4E /* Frameworks */ = {
			isa = PBXFrameworksBuildPhase;
			buildActionMask = 2147483647;
			files = (
			);
			runOnlyForDeploymentPostprocessing = 0;
		};
		2B0915F9200E77A600127C4E /* Frameworks */ = {
			isa = PBXFrameworksBuildPhase;
			buildActionMask = 2147483647;
			files = (
			);
			runOnlyForDeploymentPostprocessing = 0;
		};
/* End PBXFrameworksBuildPhase section */

/* Begin PBXGroup section */
		2B0915DF200E77A600127C4E = {
			isa = PBXGroup;
			children = (
				2B0915EA200E77A600127C4E /* UIViewPropertyAnimatorTest */,
				2B0915FF200E77A600127C4E /* UIViewPropertyAnimatorTestUITests */,
				2B0915E9200E77A600127C4E /* Products */,
			);
			sourceTree = "<group>";
		};
		2B0915E9200E77A600127C4E /* Products */ = {
			isa = PBXGroup;
			children = (
				2B0915E8200E77A600127C4E /* UIViewPropertyAnimatorTest.app */,
				2B0915FC200E77A600127C4E /* UIViewPropertyAnimatorTestUITests.xctest */,
			);
			name = Products;
			sourceTree = "<group>";
		};
		2B0915EA200E77A600127C4E /* UIViewPropertyAnimatorTest */ = {
			isa = PBXGroup;
			children = (
				2B0915EB200E77A600127C4E /* AppDelegate.swift */,
				2B0915ED200E77A600127C4E /* ViewController.swift */,
				2B0915EF200E77A600127C4E /* Main.storyboard */,
				2B0915F2200E77A600127C4E /* Assets.xcassets */,
				2B0915F4200E77A600127C4E /* LaunchScreen.storyboard */,
				2B0915F7200E77A600127C4E /* Info.plist */,
			);
			path = UIViewPropertyAnimatorTest;
			sourceTree = "<group>";
		};
		2B0915FF200E77A600127C4E /* UIViewPropertyAnimatorTestUITests */ = {
			isa = PBXGroup;
			children = (
				2B091600200E77A600127C4E /* UIViewPropertyAnimatorTestUITests.swift */,
				2B091602200E77A600127C4E /* Info.plist */,
			);
			path = UIViewPropertyAnimatorTestUITests;
			sourceTree = "<group>";
		};
/* End PBXGroup section */

/* Begin PBXNativeTarget section */
		2B0915E7200E77A600127C4E /* UIViewPropertyAnimatorTest */ = {
			isa = PBXNativeTarget;
			buildConfigurationList = 2B091605200E77A600127C4E /* Build configuration list for PBXNativeTarget "UIViewPropertyAnimatorTest" */;
			buildPhases = (
				2B0915E4200E77A600127C4E /* Sources */,
				2B0915E5200E77A600127C4E /* Frameworks */,
				2B0915E6200E77A600127C4E /* Resources */,
			);
			buildRules = (
			);
			dependencies = (
			);
			name = UIViewPropertyAnimatorTest;
			productName = UIViewPropertyAnimatorTest;
			productReference = 2B0915E8200E77A600127C4E /* UIViewPropertyAnimatorTest.app */;
			productType = "com.apple.product-type.application";
		};
		2B0915FB200E77A600127C4E /* UIViewPropertyAnimatorTestUITests */ = {
			isa = PBXNativeTarget;
			buildConfigurationList = 2B091608200E77A600127C4E /* Build configuration list for PBXNativeTarget "UIViewPropertyAnimatorTestUITests" */;
			buildPhases = (
				2B0915F8200E77A600127C4E /* Sources */,
				2B0915F9200E77A600127C4E /* Frameworks */,
				2B0915FA200E77A600127C4E /* Resources */,
			);
			buildRules = (
			);
			dependencies = (
				2B0915FE200E77A600127C4E /* PBXTargetDependency */,
			);
			name = UIViewPropertyAnimatorTestUITests;
			productName = UIViewPropertyAnimatorTestUITests;
			productReference = 2B0915FC200E77A600127C4E /* UIViewPropertyAnimatorTestUITests.xctest */;
			productType = "com.apple.product-type.bundle.ui-testing";
		};
/* End PBXNativeTarget section */

/* Begin PBXProject section */
		2B0915E0200E77A600127C4E /* Project object */ = {
			isa = PBXProject;
			attributes = {
				LastSwiftUpdateCheck = 0920;
				LastUpgradeCheck = 0920;
				ORGANIZATIONNAME = "Mikko Välimäki";
				TargetAttributes = {
					2B0915E7200E77A600127C4E = {
						CreatedOnToolsVersion = 9.2;
						ProvisioningStyle = Automatic;
					};
					2B0915FB200E77A600127C4E = {
						CreatedOnToolsVersion = 9.2;
						ProvisioningStyle = Automatic;
						TestTargetID = 2B0915E7200E77A600127C4E;
					};
				};
			};
			buildConfigurationList = 2B0915E3200E77A600127C4E /* Build configuration list for PBXProject "UIViewPropertyAnimatorTest" */;
			compatibilityVersion = "Xcode 8.0";
			developmentRegion = en;
			hasScannedForEncodings = 0;
			knownRegions = (
				en,
				Base,
			);
			mainGroup = 2B0915DF200E77A600127C4E;
			productRefGroup = 2B0915E9200E77A600127C4E /* Products */;
			projectDirPath = "";
			projectRoot = "";
			targets = (
				2B0915E7200E77A600127C4E /* UIViewPropertyAnimatorTest */,
				2B0915FB200E77A600127C4E /* UIViewPropertyAnimatorTestUITests */,
			);
		};
/* End PBXProject section */

/* Begin PBXResourcesBuildPhase section */
		2B0915E6200E77A600127C4E /* Resources */ = {
			isa = PBXResourcesBuildPhase;
			buildActionMask = 2147483647;
			files = (
				2B0915F6200E77A600127C4E /* LaunchScreen.storyboard in Resources */,
				2B0915F3200E77A600127C4E /* Assets.xcassets in Resources */,
				2B0915F1200E77A600127C4E /* Main.storyboard in Resources */,
			);
			runOnlyForDeploymentPostprocessing = 0;
		};
		2B0915FA200E77A600127C4E /* Resources */ = {
			isa = PBXResourcesBuildPhase;
			buildActionMask = 2147483647;
			files = (
			);
			runOnlyForDeploymentPostprocessing = 0;
		};
/* End PBXResourcesBuildPhase section */

/* Begin PBXSourcesBuildPhase section */
		2B0915E4200E77A600127C4E /* Sources */ = {
			isa = PBXSourcesBuildPhase;
			buildActionMask = 2147483647;
			files = (
				2B0915EE200E77A600127C4E /* ViewController.swift in Sources */,
				2B0915EC200E77A600127C4E /* AppDelegate.swift in Sources */,
			);
			runOnlyForDeploymentPostprocessing = 0;
		};
		2B0915F8200E77A600127C4E /* Sources */ = {
			isa = PBXSourcesBuildPhase;
			buildActionMask = 2147483647;
			files = (
				2B091601200E77A600127C4E /* UIViewPropertyAnimatorTestUITests.swift in Sources */,
			);
			runOnlyForDeploymentPostprocessing = 0;
		};
/* End PBXSourcesBuildPhase section */

/* Begin PBXTargetDependency section */
		2B0915FE200E77A600127C4E /* PBXTargetDependency */ = {
			isa = PBXTargetDependency;
			target = 2B0915E7200E77A600127C4E /* UIViewPropertyAnimatorTest */;
			targetProxy = 2B0915FD200E77A600127C4E /* PBXContainerItemProxy */;
		};
/* End PBXTargetDependency section */

/* Begin PBXVariantGroup section */
		2B0915EF200E77A600127C4E /* Main.storyboard */ = {
			isa = PBXVariantGroup;
			children = (
				2B0915F0200E77A600127C4E /* Base */,
			);
			name = Main.storyboard;
			sourceTree = "<group>";
		};
		2B0915F4200E77A600127C4E /* LaunchScreen.storyboard */ = {
			isa = PBXVariantGroup;
			children = (
				2B0915F5200E77A600127C4E /* Base */,
			);
			name = LaunchScreen.storyboard;
			sourceTree = "<group>";
		};
/* End PBXVariantGroup section */

/* Begin XCBuildConfiguration section */
		2B091603200E77A600127C4E /* Debug */ = {
			isa = XCBuildConfiguration;
			buildSettings = {
				ALWAYS_SEARCH_USER_PATHS = NO;
				CLANG_ANALYZER_NONNULL = YES;
				CLANG_ANALYZER_NUMBER_OBJECT_CONVERSION = YES_AGGRESSIVE;
				CLANG_CXX_LANGUAGE_STANDARD = "gnu++14";
				CLANG_CXX_LIBRARY = "libc++";
				CLANG_ENABLE_MODULES = YES;
				CLANG_ENABLE_OBJC_ARC = YES;
				CLANG_WARN_BLOCK_CAPTURE_AUTORELEASING = YES;
				CLANG_WARN_BOOL_CONVERSION = YES;
				CLANG_WARN_COMMA = YES;
				CLANG_WARN_CONSTANT_CONVERSION = YES;
				CLANG_WARN_DIRECT_OBJC_ISA_USAGE = YES_ERROR;
				CLANG_WARN_DOCUMENTATION_COMMENTS = YES;
				CLANG_WARN_EMPTY_BODY = YES;
				CLANG_WARN_ENUM_CONVERSION = YES;
				CLANG_WARN_INFINITE_RECURSION = YES;
				CLANG_WARN_INT_CONVERSION = YES;
				CLANG_WARN_NON_LITERAL_NULL_CONVERSION = YES;
				CLANG_WARN_OBJC_LITERAL_CONVERSION = YES;
				CLANG_WARN_OBJC_ROOT_CLASS = YES_ERROR;
				CLANG_WARN_RANGE_LOOP_ANALYSIS = YES;
				CLANG_WARN_STRICT_PROTOTYPES = YES;
				CLANG_WARN_SUSPICIOUS_MOVE = YES;
				CLANG_WARN_UNGUARDED_AVAILABILITY = YES_AGGRESSIVE;
				CLANG_WARN_UNREACHABLE_CODE = YES;
				CLANG_WARN__DUPLICATE_METHOD_MATCH = YES;
				CODE_SIGN_IDENTITY = "iPhone Developer";
				COPY_PHASE_STRIP = NO;
				DEBUG_INFORMATION_FORMAT = dwarf;
				ENABLE_STRICT_OBJC_MSGSEND = YES;
				ENABLE_TESTABILITY = YES;
				GCC_C_LANGUAGE_STANDARD = gnu11;
				GCC_DYNAMIC_NO_PIC = NO;
				GCC_NO_COMMON_BLOCKS = YES;
				GCC_OPTIMIZATION_LEVEL = 0;
				GCC_PREPROCESSOR_DEFINITIONS = (
					"DEBUG=1",
					"$(inherited)",
				);
				GCC_WARN_64_TO_32_BIT_CONVERSION = YES;
				GCC_WARN_ABOUT_RETURN_TYPE = YES_ERROR;
				GCC_WARN_UNDECLARED_SELECTOR = YES;
				GCC_WARN_UNINITIALIZED_AUTOS = YES_AGGRESSIVE;
				GCC_WARN_UNUSED_FUNCTION = YES;
				GCC_WARN_UNUSED_VARIABLE = YES;
				IPHONEOS_DEPLOYMENT_TARGET = 11.2;
				MTL_ENABLE_DEBUG_INFO = YES;
				ONLY_ACTIVE_ARCH = YES;
				SDKROOT = iphoneos;
				SWIFT_ACTIVE_COMPILATION_CONDITIONS = DEBUG;
				SWIFT_OPTIMIZATION_LEVEL = "-Onone";
			};
			name = Debug;
		};
		2B091604200E77A600127C4E /* Release */ = {
			isa = XCBuildConfiguration;
			buildSettings = {
				ALWAYS_SEARCH_USER_PATHS = NO;
				CLANG_ANALYZER_NONNULL = YES;
				CLANG_ANALYZER_NUMBER_OBJECT_CONVERSION = YES_AGGRESSIVE;
				CLANG_CXX_LANGUAGE_STANDARD = "gnu++14";
				CLANG_CXX_LIBRARY = "libc++";
				CLANG_ENABLE_MODULES = YES;
				CLANG_ENABLE_OBJC_ARC = YES;
				CLANG_WARN_BLOCK_CAPTURE_AUTORELEASING = YES;
				CLANG_WARN_BOOL_CONVERSION = YES;
				CLANG_WARN_COMMA = YES;
				CLANG_WARN_CONSTANT_CONVERSION = YES;
				CLANG_WARN_DIRECT_OBJC_ISA_USAGE = YES_ERROR;
				CLANG_WARN_DOCUMENTATION_COMMENTS = YES;
				CLANG_WARN_EMPTY_BODY = YES;
				CLANG_WARN_ENUM_CONVERSION = YES;
				CLANG_WARN_INFINITE_RECURSION = YES;
				CLANG_WARN_INT_CONVERSION = YES;
				CLANG_WARN_NON_LITERAL_NULL_CONVERSION = YES;
				CLANG_WARN_OBJC_LITERAL_CONVERSION = YES;
				CLANG_WARN_OBJC_ROOT_CLASS = YES_ERROR;
				CLANG_WARN_RANGE_LOOP_ANALYSIS = YES;
				CLANG_WARN_STRICT_PROTOTYPES = YES;
				CLANG_WARN_SUSPICIOUS_MOVE = YES;
				CLANG_WARN_UNGUARDED_AVAILABILITY = YES_AGGRESSIVE;
				CLANG_WARN_UNREACHABLE_CODE = YES;
				CLANG_WARN__DUPLICATE_METHOD_MATCH = YES;
				CODE_SIGN_IDENTITY = "iPhone Developer";
				COPY_PHASE_STRIP = NO;
				DEBUG_INFORMATION_FORMAT = "dwarf-with-dsym";
				ENABLE_NS_ASSERTIONS = NO;
				ENABLE_STRICT_OBJC_MSGSEND = YES;
				GCC_C_LANGUAGE_STANDARD = gnu11;
				GCC_NO_COMMON_BLOCKS = YES;
				GCC_WARN_64_TO_32_BIT_CONVERSION = YES;
				GCC_WARN_ABOUT_RETURN_TYPE = YES_ERROR;
				GCC_WARN_UNDECLARED_SELECTOR = YES;
				GCC_WARN_UNINITIALIZED_AUTOS = YES_AGGRESSIVE;
				GCC_WARN_UNUSED_FUNCTION = YES;
				GCC_WARN_UNUSED_VARIABLE = YES;
				IPHONEOS_DEPLOYMENT_TARGET = 11.2;
				MTL_ENABLE_DEBUG_INFO = NO;
				SDKROOT = iphoneos;
				SWIFT_OPTIMIZATION_LEVEL = "-Owholemodule";
				VALIDATE_PRODUCT = YES;
			};
			name = Release;
		};
		2B091606200E77A600127C4E /* Debug */ = {
			isa = XCBuildConfiguration;
			buildSettings = {
				ASSETCATALOG_COMPILER_APPICON_NAME = AppIcon;
				CODE_SIGN_STYLE = Automatic;
				INFOPLIST_FILE = UIViewPropertyAnimatorTest/Info.plist;
				LD_RUNPATH_SEARCH_PATHS = "$(inherited) @executable_path/Frameworks";
				PRODUCT_BUNDLE_IDENTIFIER = com.mikkovalimaki.UIViewPropertyAnimatorTest;
				PRODUCT_NAME = "$(TARGET_NAME)";
				SWIFT_VERSION = 4.0;
				TARGETED_DEVICE_FAMILY = "1,2";
			};
			name = Debug;
		};
		2B091607200E77A600127C4E /* Release */ = {
			isa = XCBuildConfiguration;
			buildSettings = {
				ASSETCATALOG_COMPILER_APPICON_NAME = AppIcon;
				CODE_SIGN_STYLE = Automatic;
				INFOPLIST_FILE = UIViewPropertyAnimatorTest/Info.plist;
				LD_RUNPATH_SEARCH_PATHS = "$(inherited) @executable_path/Frameworks";
				PRODUCT_BUNDLE_IDENTIFIER = com.mikkovalimaki.UIViewPropertyAnimatorTest;
				PRODUCT_NAME = "$(TARGET_NAME)";
				SWIFT_VERSION = 4.0;
				TARGETED_DEVICE_FAMILY = "1,2";
			};
			name = Release;
		};
		2B091609200E77A600127C4E /* Debug */ = {
			isa = XCBuildConfiguration;
			buildSettings = {
				ALWAYS_EMBED_SWIFT_STANDARD_LIBRARIES = YES;
				CODE_SIGN_STYLE = Automatic;
				INFOPLIST_FILE = UIViewPropertyAnimatorTestUITests/Info.plist;
				LD_RUNPATH_SEARCH_PATHS = "$(inherited) @executable_path/Frameworks @loader_path/Frameworks";
				PRODUCT_BUNDLE_IDENTIFIER = com.mikkovalimaki.UIViewPropertyAnimatorTestUITests;
				PRODUCT_NAME = "$(TARGET_NAME)";
				SWIFT_VERSION = 4.0;
				TARGETED_DEVICE_FAMILY = "1,2";
				TEST_TARGET_NAME = UIViewPropertyAnimatorTest;
			};
			name = Debug;
		};
		2B09160A200E77A600127C4E /* Release */ = {
			isa = XCBuildConfiguration;
			buildSettings = {
				ALWAYS_EMBED_SWIFT_STANDARD_LIBRARIES = YES;
				CODE_SIGN_STYLE = Automatic;
				INFOPLIST_FILE = UIViewPropertyAnimatorTestUITests/Info.plist;
				LD_RUNPATH_SEARCH_PATHS = "$(inherited) @executable_path/Frameworks @loader_path/Frameworks";
				PRODUCT_BUNDLE_IDENTIFIER = com.mikkovalimaki.UIViewPropertyAnimatorTestUITests;
				PRODUCT_NAME = "$(TARGET_NAME)";
				SWIFT_VERSION = 4.0;
				TARGETED_DEVICE_FAMILY = "1,2";
				TEST_TARGET_NAME = UIViewPropertyAnimatorTest;
			};
			name = Release;
		};
/* End XCBuildConfiguration section */

/* Begin XCConfigurationList section */
		2B0915E3200E77A600127C4E /* Build configuration list for PBXProject "UIViewPropertyAnimatorTest" */ = {
			isa = XCConfigurationList;
			buildConfigurations = (
				2B091603200E77A600127C4E /* Debug */,
				2B091604200E77A600127C4E /* Release */,
			);
			defaultConfigurationIsVisible = 0;
			defaultConfigurationName = Release;
		};
		2B091605200E77A600127C4E /* Build configuration list for PBXNativeTarget "UIViewPropertyAnimatorTest" */ = {
			isa = XCConfigurationList;
			buildConfigurations = (
				2B091606200E77A600127C4E /* Debug */,
				2B091607200E77A600127C4E /* Release */,
			);
			defaultConfigurationIsVisible = 0;
			defaultConfigurationName = Release;
		};
		2B091608200E77A600127C4E /* Build configuration list for PBXNativeTarget "UIViewPropertyAnimatorTestUITests" */ = {
			isa = XCConfigurationList;
			buildConfigurations = (
				2B091609200E77A600127C4E /* Debug */,
				2B09160A200E77A600127C4E /* Release */,
			);
			defaultConfigurationIsVisible = 0;
			defaultConfigurationName = Release;
		};
/* End XCConfigurationList section */
	};
	rootObject = 2B0915E0200E77A600127C4E /* Project object */;
}
