// !$*UTF8*$!
{
	archiveVersion = 1;
	classes = {
	};
	objectVersion = 48;
	objects = {

/* Begin PBXBuildFile section */
		2B39FC7220AAB1F50099D712 /* DrawerTabViewController.swift in Sources */ = {isa = PBXBuildFile; fileRef = 2B39FC7120AAB1F50099D712 /* DrawerTabViewController.swift */; };
		2BCCE91520764BDE00130C4D /* MapKit.framework in Frameworks */ = {isa = PBXBuildFile; fileRef = 2BCCE91420764BDE00130C4D /* MapKit.framework */; };
		2BF0591F205DD19C00D336DE /* AppDelegate.swift in Sources */ = {isa = PBXBuildFile; fileRef = 2BF0591E205DD19C00D336DE /* AppDelegate.swift */; };
		2BF05921205DD19C00D336DE /* ViewController.swift in Sources */ = {isa = PBXBuildFile; fileRef = 2BF05920205DD19C00D336DE /* ViewController.swift */; };
		2BF05924205DD19C00D336DE /* Main.storyboard in Resources */ = {isa = PBXBuildFile; fileRef = 2BF05922205DD19C00D336DE /* Main.storyboard */; };
		2BF05926205DD19C00D336DE /* Assets.xcassets in Resources */ = {isa = PBXBuildFile; fileRef = 2BF05925205DD19C00D336DE /* Assets.xcassets */; };
		2BF05929205DD19C00D336DE /* LaunchScreen.storyboard in Resources */ = {isa = PBXBuildFile; fileRef = 2BF05927205DD19C00D336DE /* LaunchScreen.storyboard */; };
		2BF05931205DD1F100D336DE /* DrawerView.framework in Frameworks */ = {isa = PBXBuildFile; fileRef = 2BF05930205DD1F100D336DE /* DrawerView.framework */; };
		2BF05932205DD1F100D336DE /* DrawerView.framework in Embed Frameworks */ = {isa = PBXBuildFile; fileRef = 2BF05930205DD1F100D336DE /* DrawerView.framework */; settings = {ATTRIBUTES = (CodeSignOnCopy, RemoveHeadersOnCopy, ); }; };
		2BF05937205DD6AB00D336DE /* DrawerViewController.swift in Sources */ = {isa = PBXBuildFile; fileRef = 2BF05936205DD6AB00D336DE /* DrawerViewController.swift */; };
		C002D091238FE86500BD8880 /* ModalPresentationViewController.swift in Sources */ = {isa = PBXBuildFile; fileRef = C002D090238FE86500BD8880 /* ModalPresentationViewController.swift */; };
		C03B980D2332B8FE002A27D3 /* UIView+Layout.swift in Sources */ = {isa = PBXBuildFile; fileRef = C03B980C2332B8FE002A27D3 /* UIView+Layout.swift */; };
/* End PBXBuildFile section */

/* Begin PBXCopyFilesBuildPhase section */
		2BF05933205DD1F200D336DE /* Embed Frameworks */ = {
			isa = PBXCopyFilesBuildPhase;
			buildActionMask = 2147483647;
			dstPath = "";
			dstSubfolderSpec = 10;
			files = (
				2BF05932205DD1F100D336DE /* DrawerView.framework in Embed Frameworks */,
			);
			name = "Embed Frameworks";
			runOnlyForDeploymentPostprocessing = 0;
		};
/* End PBXCopyFilesBuildPhase section */

/* Begin PBXFileReference section */
		2B39FC7120AAB1F50099D712 /* DrawerTabViewController.swift */ = {isa = PBXFileReference; lastKnownFileType = sourcecode.swift; path = DrawerTabViewController.swift; sourceTree = "<group>"; };
		2BCCE91420764BDE00130C4D /* MapKit.framework */ = {isa = PBXFileReference; lastKnownFileType = wrapper.framework; name = MapKit.framework; path = System/Library/Frameworks/MapKit.framework; sourceTree = SDKROOT; };
		2BF0591B205DD19C00D336DE /* DrawerViewExample.app */ = {isa = PBXFileReference; explicitFileType = wrapper.application; includeInIndex = 0; path = DrawerViewExample.app; sourceTree = BUILT_PRODUCTS_DIR; };
		2BF0591E205DD19C00D336DE /* AppDelegate.swift */ = {isa = PBXFileReference; lastKnownFileType = sourcecode.swift; path = AppDelegate.swift; sourceTree = "<group>"; };
		2BF05920205DD19C00D336DE /* ViewController.swift */ = {isa = PBXFileReference; lastKnownFileType = sourcecode.swift; path = ViewController.swift; sourceTree = "<group>"; };
		2BF05923205DD19C00D336DE /* Base */ = {isa = PBXFileReference; lastKnownFileType = file.storyboard; name = Base; path = Base.lproj/Main.storyboard; sourceTree = "<group>"; };
		2BF05925205DD19C00D336DE /* Assets.xcassets */ = {isa = PBXFileReference; lastKnownFileType = folder.assetcatalog; path = Assets.xcassets; sourceTree = "<group>"; };
		2BF05928205DD19C00D336DE /* Base */ = {isa = PBXFileReference; lastKnownFileType = file.storyboard; name = Base; path = Base.lproj/LaunchScreen.storyboard; sourceTree = "<group>"; };
		2BF0592A205DD19C00D336DE /* Info.plist */ = {isa = PBXFileReference; lastKnownFileType = text.plist.xml; path = Info.plist; sourceTree = "<group>"; };
		2BF05930205DD1F100D336DE /* DrawerView.framework */ = {isa = PBXFileReference; explicitFileType = wrapper.framework; path = DrawerView.framework; sourceTree = BUILT_PRODUCTS_DIR; };
		2BF05936205DD6AB00D336DE /* DrawerViewController.swift */ = {isa = PBXFileReference; fileEncoding = 4; lastKnownFileType = sourcecode.swift; path = DrawerViewController.swift; sourceTree = "<group>"; };
		C002D090238FE86500BD8880 /* ModalPresentationViewController.swift */ = {isa = PBXFileReference; lastKnownFileType = sourcecode.swift; path = ModalPresentationViewController.swift; sourceTree = "<group>"; };
		C03B980C2332B8FE002A27D3 /* UIView+Layout.swift */ = {isa = PBXFileReference; fileEncoding = 4; lastKnownFileType = sourcecode.swift; path = "UIView+Layout.swift"; sourceTree = "<group>"; };
/* End PBXFileReference section */

/* Begin PBXFrameworksBuildPhase section */
		2BF05918205DD19C00D336DE /* Frameworks */ = {
			isa = PBXFrameworksBuildPhase;
			buildActionMask = 2147483647;
			files = (
				2BCCE91520764BDE00130C4D /* MapKit.framework in Frameworks */,
				2BF05931205DD1F100D336DE /* DrawerView.framework in Frameworks */,
			);
			runOnlyForDeploymentPostprocessing = 0;
		};
/* End PBXFrameworksBuildPhase section */

/* Begin PBXGroup section */
		2BCCE91320764BDE00130C4D /* Frameworks */ = {
			isa = PBXGroup;
			children = (
				2BCCE91420764BDE00130C4D /* MapKit.framework */,
			);
			name = Frameworks;
			sourceTree = "<group>";
		};
		2BF05912205DD19C00D336DE = {
			isa = PBXGroup;
			children = (
				2BF05930205DD1F100D336DE /* DrawerView.framework */,
				2BF0591D205DD19C00D336DE /* DrawerViewExample */,
				2BF0591C205DD19C00D336DE /* Products */,
				2BCCE91320764BDE00130C4D /* Frameworks */,
			);
			sourceTree = "<group>";
		};
		2BF0591C205DD19C00D336DE /* Products */ = {
			isa = PBXGroup;
			children = (
				2BF0591B205DD19C00D336DE /* DrawerViewExample.app */,
			);
			name = Products;
			sourceTree = "<group>";
		};
		2BF0591D205DD19C00D336DE /* DrawerViewExample */ = {
			isa = PBXGroup;
			children = (
				2BF0591E205DD19C00D336DE /* AppDelegate.swift */,
				2BF05920205DD19C00D336DE /* ViewController.swift */,
				C002D090238FE86500BD8880 /* ModalPresentationViewController.swift */,
				2BF05936205DD6AB00D336DE /* DrawerViewController.swift */,
				2B39FC7120AAB1F50099D712 /* DrawerTabViewController.swift */,
				C03B980C2332B8FE002A27D3 /* UIView+Layout.swift */,
				2BF05922205DD19C00D336DE /* Main.storyboard */,
				2BF05925205DD19C00D336DE /* Assets.xcassets */,
				2BF05927205DD19C00D336DE /* LaunchScreen.storyboard */,
				2BF0592A205DD19C00D336DE /* Info.plist */,
			);
			path = DrawerViewExample;
			sourceTree = "<group>";
		};
/* End PBXGroup section */

/* Begin PBXNativeTarget section */
		2BF0591A205DD19C00D336DE /* DrawerViewExample */ = {
			isa = PBXNativeTarget;
			buildConfigurationList = 2BF0592D205DD19C00D336DE /* Build configuration list for PBXNativeTarget "DrawerViewExample" */;
			buildPhases = (
				2BF05917205DD19C00D336DE /* Sources */,
				2BF05918205DD19C00D336DE /* Frameworks */,
				2BF05919205DD19C00D336DE /* Resources */,
				2BF05933205DD1F200D336DE /* Embed Frameworks */,
			);
			buildRules = (
			);
			dependencies = (
			);
			name = DrawerViewExample;
			productName = DrawerViewExample;
			productReference = 2BF0591B205DD19C00D336DE /* DrawerViewExample.app */;
			productType = "com.apple.product-type.application";
		};
/* End PBXNativeTarget section */

/* Begin PBXProject section */
		2BF05913205DD19C00D336DE /* Project object */ = {
			isa = PBXProject;
			attributes = {
				LastSwiftUpdateCheck = 0920;
				LastUpgradeCheck = 0940;
				ORGANIZATIONNAME = "Mikko Välimäki";
				TargetAttributes = {
					2BF0591A205DD19C00D336DE = {
						CreatedOnToolsVersion = 9.2;
						LastSwiftMigration = 1020;
						ProvisioningStyle = Automatic;
						SystemCapabilities = {
							com.apple.Maps.iOS = {
								enabled = 1;
							};
						};
					};
				};
			};
			buildConfigurationList = 2BF05916205DD19C00D336DE /* Build configuration list for PBXProject "DrawerViewExample" */;
			compatibilityVersion = "Xcode 8.0";
			developmentRegion = en;
			hasScannedForEncodings = 0;
			knownRegions = (
				en,
				Base,
			);
			mainGroup = 2BF05912205DD19C00D336DE;
			productRefGroup = 2BF0591C205DD19C00D336DE /* Products */;
			projectDirPath = "";
			projectRoot = "";
			targets = (
				2BF0591A205DD19C00D336DE /* DrawerViewExample */,
			);
		};
/* End PBXProject section */

/* Begin PBXResourcesBuildPhase section */
		2BF05919205DD19C00D336DE /* Resources */ = {
			isa = PBXResourcesBuildPhase;
			buildActionMask = 2147483647;
			files = (
				2BF05929205DD19C00D336DE /* LaunchScreen.storyboard in Resources */,
				2BF05926205DD19C00D336DE /* Assets.xcassets in Resources */,
				2BF05924205DD19C00D336DE /* Main.storyboard in Resources */,
			);
			runOnlyForDeploymentPostprocessing = 0;
		};
/* End PBXResourcesBuildPhase section */

/* Begin PBXSourcesBuildPhase section */
		2BF05917205DD19C00D336DE /* Sources */ = {
			isa = PBXSourcesBuildPhase;
			buildActionMask = 2147483647;
			files = (
				2BF05921205DD19C00D336DE /* ViewController.swift in Sources */,
				2BF0591F205DD19C00D336DE /* AppDelegate.swift in Sources */,
				C002D091238FE86500BD8880 /* ModalPresentationViewController.swift in Sources */,
				2BF05937205DD6AB00D336DE /* DrawerViewController.swift in Sources */,
				2B39FC7220AAB1F50099D712 /* DrawerTabViewController.swift in Sources */,
				C03B980D2332B8FE002A27D3 /* UIView+Layout.swift in Sources */,
			);
			runOnlyForDeploymentPostprocessing = 0;
		};
/* End PBXSourcesBuildPhase section */

/* Begin PBXVariantGroup section */
		2BF05922205DD19C00D336DE /* Main.storyboard */ = {
			isa = PBXVariantGroup;
			children = (
				2BF05923205DD19C00D336DE /* Base */,
			);
			name = Main.storyboard;
			sourceTree = "<group>";
		};
		2BF05927205DD19C00D336DE /* LaunchScreen.storyboard */ = {
			isa = PBXVariantGroup;
			children = (
				2BF05928205DD19C00D336DE /* Base */,
			);
			name = LaunchScreen.storyboard;
			sourceTree = "<group>";
		};
/* End PBXVariantGroup section */

/* Begin XCBuildConfiguration section */
		2BF0592B205DD19C00D336DE /* Debug */ = {
			isa = XCBuildConfiguration;
			buildSettings = {
				ALWAYS_SEARCH_USER_PATHS = NO;
				CLANG_ANALYZER_NONNULL = YES;
				CLANG_ANALYZER_NUMBER_OBJECT_CONVERSION = YES_AGGRESSIVE;
				CLANG_CXX_LANGUAGE_STANDARD = "gnu++14";
				CLANG_CXX_LIBRARY = "libc++";
				CLANG_ENABLE_MODULES = YES;
				CLANG_ENABLE_OBJC_ARC = YES;
				CLANG_WARN_BLOCK_CAPTURE_AUTORELEASING = YES;
				CLANG_WARN_BOOL_CONVERSION = YES;
				CLANG_WARN_COMMA = YES;
				CLANG_WARN_CONSTANT_CONVERSION = YES;
				CLANG_WARN_DEPRECATED_OBJC_IMPLEMENTATIONS = YES;
				CLANG_WARN_DIRECT_OBJC_ISA_USAGE = YES_ERROR;
				CLANG_WARN_DOCUMENTATION_COMMENTS = YES;
				CLANG_WARN_EMPTY_BODY = YES;
				CLANG_WARN_ENUM_CONVERSION = YES;
				CLANG_WARN_INFINITE_RECURSION = YES;
				CLANG_WARN_INT_CONVERSION = YES;
				CLANG_WARN_NON_LITERAL_NULL_CONVERSION = YES;
				CLANG_WARN_OBJC_IMPLICIT_RETAIN_SELF = YES;
				CLANG_WARN_OBJC_LITERAL_CONVERSION = YES;
				CLANG_WARN_OBJC_ROOT_CLASS = YES_ERROR;
				CLANG_WARN_RANGE_LOOP_ANALYSIS = YES;
				CLANG_WARN_STRICT_PROTOTYPES = YES;
				CLANG_WARN_SUSPICIOUS_MOVE = YES;
				CLANG_WARN_UNGUARDED_AVAILABILITY = YES_AGGRESSIVE;
				CLANG_WARN_UNREACHABLE_CODE = YES;
				CLANG_WARN__DUPLICATE_METHOD_MATCH = YES;
				CODE_SIGN_IDENTITY = "iPhone Developer";
				COPY_PHASE_STRIP = NO;
				DEBUG_INFORMATION_FORMAT = dwarf;
				ENABLE_STRICT_OBJC_MSGSEND = YES;
				ENABLE_TESTABILITY = YES;
				GCC_C_LANGUAGE_STANDARD = gnu11;
				GCC_DYNAMIC_NO_PIC = NO;
				GCC_NO_COMMON_BLOCKS = YES;
				GCC_OPTIMIZATION_LEVEL = 0;
				GCC_PREPROCESSOR_DEFINITIONS = (
					"DEBUG=1",
					"$(inherited)",
				);
				GCC_WARN_64_TO_32_BIT_CONVERSION = YES;
				GCC_WARN_ABOUT_RETURN_TYPE = YES_ERROR;
				GCC_WARN_UNDECLARED_SELECTOR = YES;
				GCC_WARN_UNINITIALIZED_AUTOS = YES_AGGRESSIVE;
				GCC_WARN_UNUSED_FUNCTION = YES;
				GCC_WARN_UNUSED_VARIABLE = YES;
				IPHONEOS_DEPLOYMENT_TARGET = 11.2;
				MTL_ENABLE_DEBUG_INFO = YES;
				ONLY_ACTIVE_ARCH = YES;
				SDKROOT = iphoneos;
				SWIFT_ACTIVE_COMPILATION_CONDITIONS = DEBUG;
				SWIFT_OPTIMIZATION_LEVEL = "-Onone";
			};
			name = Debug;
		};
		2BF0592C205DD19C00D336DE /* Release */ = {
			isa = XCBuildConfiguration;
			buildSettings = {
				ALWAYS_SEARCH_USER_PATHS = NO;
				CLANG_ANALYZER_NONNULL = YES;
				CLANG_ANALYZER_NUMBER_OBJECT_CONVERSION = YES_AGGRESSIVE;
				CLANG_CXX_LANGUAGE_STANDARD = "gnu++14";
				CLANG_CXX_LIBRARY = "libc++";
				CLANG_ENABLE_MODULES = YES;
				CLANG_ENABLE_OBJC_ARC = YES;
				CLANG_WARN_BLOCK_CAPTURE_AUTORELEASING = YES;
				CLANG_WARN_BOOL_CONVERSION = YES;
				CLANG_WARN_COMMA = YES;
				CLANG_WARN_CONSTANT_CONVERSION = YES;
				CLANG_WARN_DEPRECATED_OBJC_IMPLEMENTATIONS = YES;
				CLANG_WARN_DIRECT_OBJC_ISA_USAGE = YES_ERROR;
				CLANG_WARN_DOCUMENTATION_COMMENTS = YES;
				CLANG_WARN_EMPTY_BODY = YES;
				CLANG_WARN_ENUM_CONVERSION = YES;
				CLANG_WARN_INFINITE_RECURSION = YES;
				CLANG_WARN_INT_CONVERSION = YES;
				CLANG_WARN_NON_LITERAL_NULL_CONVERSION = YES;
				CLANG_WARN_OBJC_IMPLICIT_RETAIN_SELF = YES;
				CLANG_WARN_OBJC_LITERAL_CONVERSION = YES;
				CLANG_WARN_OBJC_ROOT_CLASS = YES_ERROR;
				CLANG_WARN_RANGE_LOOP_ANALYSIS = YES;
				CLANG_WARN_STRICT_PROTOTYPES = YES;
				CLANG_WARN_SUSPICIOUS_MOVE = YES;
				CLANG_WARN_UNGUARDED_AVAILABILITY = YES_AGGRESSIVE;
				CLANG_WARN_UNREACHABLE_CODE = YES;
				CLANG_WARN__DUPLICATE_METHOD_MATCH = YES;
				CODE_SIGN_IDENTITY = "iPhone Developer";
				COPY_PHASE_STRIP = NO;
				DEBUG_INFORMATION_FORMAT = "dwarf-with-dsym";
				ENABLE_NS_ASSERTIONS = NO;
				ENABLE_STRICT_OBJC_MSGSEND = YES;
				GCC_C_LANGUAGE_STANDARD = gnu11;
				GCC_NO_COMMON_BLOCKS = YES;
				GCC_WARN_64_TO_32_BIT_CONVERSION = YES;
				GCC_WARN_ABOUT_RETURN_TYPE = YES_ERROR;
				GCC_WARN_UNDECLARED_SELECTOR = YES;
				GCC_WARN_UNINITIALIZED_AUTOS = YES_AGGRESSIVE;
				GCC_WARN_UNUSED_FUNCTION = YES;
				GCC_WARN_UNUSED_VARIABLE = YES;
				IPHONEOS_DEPLOYMENT_TARGET = 11.2;
				MTL_ENABLE_DEBUG_INFO = NO;
				SDKROOT = iphoneos;
				SWIFT_OPTIMIZATION_LEVEL = "-Owholemodule";
				VALIDATE_PRODUCT = YES;
			};
			name = Release;
		};
		2BF0592E205DD19C00D336DE /* Debug */ = {
			isa = XCBuildConfiguration;
			buildSettings = {
				ASSETCATALOG_COMPILER_APPICON_NAME = AppIcon;
				CODE_SIGN_STYLE = Automatic;
				DEVELOPMENT_TEAM = RMSZZMU29R;
				INFOPLIST_FILE = DrawerViewExample/Info.plist;
				LD_RUNPATH_SEARCH_PATHS = "$(inherited) @executable_path/Frameworks";
				PRODUCT_BUNDLE_IDENTIFIER = com.mikkovalimaki.DrawerViewExample;
				PRODUCT_NAME = "$(TARGET_NAME)";
				SWIFT_VERSION = 5.0;
				TARGETED_DEVICE_FAMILY = "1,2";
			};
			name = Debug;
		};
		2BF0592F205DD19C00D336DE /* Release */ = {
			isa = XCBuildConfiguration;
			buildSettings = {
				ASSETCATALOG_COMPILER_APPICON_NAME = AppIcon;
				CODE_SIGN_STYLE = Automatic;
				DEVELOPMENT_TEAM = RMSZZMU29R;
				INFOPLIST_FILE = DrawerViewExample/Info.plist;
				LD_RUNPATH_SEARCH_PATHS = "$(inherited) @executable_path/Frameworks";
				PRODUCT_BUNDLE_IDENTIFIER = com.mikkovalimaki.DrawerViewExample;
				PRODUCT_NAME = "$(TARGET_NAME)";
				SWIFT_VERSION = 5.0;
				TARGETED_DEVICE_FAMILY = "1,2";
			};
			name = Release;
		};
/* End XCBuildConfiguration section */

/* Begin XCConfigurationList section */
		2BF05916205DD19C00D336DE /* Build configuration list for PBXProject "DrawerViewExample" */ = {
			isa = XCConfigurationList;
			buildConfigurations = (
				2BF0592B205DD19C00D336DE /* Debug */,
				2BF0592C205DD19C00D336DE /* Release */,
			);
			defaultConfigurationIsVisible = 0;
			defaultConfigurationName = Release;
		};
		2BF0592D205DD19C00D336DE /* Build configuration list for PBXNativeTarget "DrawerViewExample" */ = {
			isa = XCConfigurationList;
			buildConfigurations = (
				2BF0592E205DD19C00D336DE /* Debug */,
				2BF0592F205DD19C00D336DE /* Release */,
			);
			defaultConfigurationIsVisible = 0;
			defaultConfigurationName = Release;
		};
/* End XCConfigurationList section */
	};
	rootObject = 2BF05913205DD19C00D336DE /* Project object */;
}
